
Microsoft Visual Studio Solution File, Format Version 12.00
# Visual Studio 15
VisualStudioVersion = 15.0.28307.1267
MinimumVisualStudioVersion = 10.0.40219.1
Project("{FAE04EC0-301F-11D3-BF4B-00C04F79EFBC}") = "Ticari_Otomasyon", "Ticari_Otomasyon\Ticari_Otomasyon.csproj", "{16023359-0F38-4242-B3D0-D6E1B002642C}"
EndProject
Global
	GlobalSection(SolutionConfigurationPlatforms) = preSolution
		Debug|Any CPU = Debug|Any CPU
		Release|Any CPU = Release|Any CPU
	EndGlobalSection
	GlobalSection(ProjectConfigurationPlatforms) = postSolution
		{16023359-0F38-4242-B3D0-D6E1B002642C}.Debug|Any CPU.ActiveCfg = Debug|Any CPU
		{16023359-0F38-4242-B3D0-D6E1B002642C}.Debug|Any CPU.Build.0 = Debug|Any CPU
		{16023359-0F38-4242-B3D0-D6E1B002642C}.Release|Any CPU.ActiveCfg = Release|Any CPU
		{16023359-0F38-4242-B3D0-D6E1B002642C}.Release|Any CPU.Build.0 = Release|Any CPU
	EndGlobalSection
	GlobalSection(SolutionProperties) = preSolution
		HideSolutionNode = FALSE
	EndGlobalSection
	GlobalSection(ExtensibilityGlobals) = postSolution
		SolutionGuid = {D7BD75EE-5F9D-4027-AA98-33243AA0E088}
	EndGlobalSection
EndGlobal
